
Microsoft Visual Studio Solution File, Format Version 12.00
# Visual Studio Version 16
VisualStudioVersion = 16.0.30413.136
MinimumVisualStudioVersion = 10.0.40219.1
Project("{FAE04EC0-301F-11D3-BF4B-00C04F79EFBC}") = "WpfApp1", "WpfApp1\WpfApp1.csproj", "{93F2F9D3-254B-4D06-B03D-B80A4D1C4E0B}"
EndProject
Global
	GlobalSection(SolutionConfigurationPlatforms) = preSolution
		Debug|Any CPU = Debug|Any CPU
		Release|Any CPU = Release|Any CPU
	EndGlobalSection
	GlobalSection(ProjectConfigurationPlatforms) = postSolution
		{93F2F9D3-254B-4D06-B03D-B80A4D1C4E0B}.Debug|Any CPU.ActiveCfg = Debug|Any CPU
		{93F2F9D3-254B-4D06-B03D-B80A4D1C4E0B}.Debug|Any CPU.Build.0 = Debug|Any CPU
		{93F2F9D3-254B-4D06-B03D-B80A4D1C4E0B}.Release|Any CPU.ActiveCfg = Release|Any CPU
		{93F2F9D3-254B-4D06-B03D-B80A4D1C4E0B}.Release|Any CPU.Build.0 = Release|Any CPU
	EndGlobalSection
	GlobalSection(SolutionProperties) = preSolution
		HideSolutionNode = FALSE
	EndGlobalSection
	GlobalSection(ExtensibilityGlobals) = postSolution
		SolutionGuid = {F2492D9A-BE7C-46E1-BAE7-C6439DBB603C}
	EndGlobalSection
EndGlobal
